
Microsoft Visual Studio Solution File, Format Version 12.00
# Visual Studio Version 16
VisualStudioVersion = 16.0.30621.155
MinimumVisualStudioVersion = 10.0.40219.1
Project("{9A19103F-16F7-4668-BE54-9A1E7A4F7556}") = "StaffConsoleApp", "StaffConsoleApp\StaffConsoleApp.csproj", "{9A10D2B7-511A-4BC0-B09B-D83F452C7548}"
EndProject
Project("{9A19103F-16F7-4668-BE54-9A1E7A4F7556}") = "StaffModelsLibrary", "StaffModelsLibrary\StaffModelsLibrary.csproj", "{D5EDC42B-DAD5-477A-A4EF-4353368E1EF8}"
EndProject
Project("{FAE04EC0-301F-11D3-BF4B-00C04F79EFBC}") = "StaffStorage", "StaffStorage\StaffStorage.csproj", "{EEA7ED4E-C38A-4813-A2AB-0E569CC21B13}"
EndProject
Project("{00D1A9C2-B5F0-4AF3-8072-F6C62B433612}") = "StaffDatabase", "StaffDatabase\StaffDatabase.sqlproj", "{F96E555A-9F31-4AED-B314-BDC5C9A9641E}"
EndProject
Global
	GlobalSection(SolutionConfigurationPlatforms) = preSolution
		Debug|Any CPU = Debug|Any CPU
		Release|Any CPU = Release|Any CPU
	EndGlobalSection
	GlobalSection(ProjectConfigurationPlatforms) = postSolution
		{9A10D2B7-511A-4BC0-B09B-D83F452C7548}.Debug|Any CPU.ActiveCfg = Debug|Any CPU
		{9A10D2B7-511A-4BC0-B09B-D83F452C7548}.Debug|Any CPU.Build.0 = Debug|Any CPU
		{9A10D2B7-511A-4BC0-B09B-D83F452C7548}.Release|Any CPU.ActiveCfg = Release|Any CPU
		{9A10D2B7-511A-4BC0-B09B-D83F452C7548}.Release|Any CPU.Build.0 = Release|Any CPU
		{D5EDC42B-DAD5-477A-A4EF-4353368E1EF8}.Debug|Any CPU.ActiveCfg = Debug|Any CPU
		{D5EDC42B-DAD5-477A-A4EF-4353368E1EF8}.Debug|Any CPU.Build.0 = Debug|Any CPU
		{D5EDC42B-DAD5-477A-A4EF-4353368E1EF8}.Release|Any CPU.ActiveCfg = Release|Any CPU
		{D5EDC42B-DAD5-477A-A4EF-4353368E1EF8}.Release|Any CPU.Build.0 = Release|Any CPU
		{EEA7ED4E-C38A-4813-A2AB-0E569CC21B13}.Debug|Any CPU.ActiveCfg = Debug|Any CPU
		{EEA7ED4E-C38A-4813-A2AB-0E569CC21B13}.Debug|Any CPU.Build.0 = Debug|Any CPU
		{EEA7ED4E-C38A-4813-A2AB-0E569CC21B13}.Release|Any CPU.ActiveCfg = Release|Any CPU
		{EEA7ED4E-C38A-4813-A2AB-0E569CC21B13}.Release|Any CPU.Build.0 = Release|Any CPU
		{F96E555A-9F31-4AED-B314-BDC5C9A9641E}.Debug|Any CPU.ActiveCfg = Debug|Any CPU
		{F96E555A-9F31-4AED-B314-BDC5C9A9641E}.Debug|Any CPU.Build.0 = Debug|Any CPU
		{F96E555A-9F31-4AED-B314-BDC5C9A9641E}.Debug|Any CPU.Deploy.0 = Debug|Any CPU
		{F96E555A-9F31-4AED-B314-BDC5C9A9641E}.Release|Any CPU.ActiveCfg = Release|Any CPU
		{F96E555A-9F31-4AED-B314-BDC5C9A9641E}.Release|Any CPU.Build.0 = Release|Any CPU
		{F96E555A-9F31-4AED-B314-BDC5C9A9641E}.Release|Any CPU.Deploy.0 = Release|Any CPU
	EndGlobalSection
	GlobalSection(SolutionProperties) = preSolution
		HideSolutionNode = FALSE
	EndGlobalSection
	GlobalSection(ExtensibilityGlobals) = postSolution
		SolutionGuid = {8777096A-3CE8-4938-94F2-EAE34622080C}
	EndGlobalSection
EndGlobal
